
Microsoft Visual Studio Solution File, Format Version 12.00
# Visual Studio Version 17
VisualStudioVersion = 17.5.2.0
MinimumVisualStudioVersion = 10.0.40219.1
Project("{FAE04EC0-301F-11D3-BF4B-00C04F79EFBC}") = "project für Ausbildung", "project für Ausbildung.csproj", "{012E9261-2452-295A-08E9-837CD6574931}"
EndProject
Global
	GlobalSection(SolutionConfigurationPlatforms) = preSolution
		Debug|Any CPU = Debug|Any CPU
		Release|Any CPU = Release|Any CPU
	EndGlobalSection
	GlobalSection(ProjectConfigurationPlatforms) = postSolution
		{012E9261-2452-295A-08E9-837CD6574931}.Debug|Any CPU.ActiveCfg = Debug|Any CPU
		{012E9261-2452-295A-08E9-837CD6574931}.Debug|Any CPU.Build.0 = Debug|Any CPU
		{012E9261-2452-295A-08E9-837CD6574931}.Release|Any CPU.ActiveCfg = Release|Any CPU
		{012E9261-2452-295A-08E9-837CD6574931}.Release|Any CPU.Build.0 = Release|Any CPU
	EndGlobalSection
	GlobalSection(SolutionProperties) = preSolution
		HideSolutionNode = FALSE
	EndGlobalSection
	GlobalSection(ExtensibilityGlobals) = postSolution
		SolutionGuid = {F2198A1A-AFFC-4B4C-9275-934C85E9ECD8}
	EndGlobalSection
EndGlobal
